
Microsoft Visual Studio Solution File, Format Version 12.00
# Visual Studio Version 17
VisualStudioVersion = 17.6.33815.320
MinimumVisualStudioVersion = 10.0.40219.1
Project("{8BC9CEB8-8B4A-11D0-8D11-00A0C91BC942}") = "Ejercicio1", "Ejercicio1\Ejercicio1.vcxproj", "{4A0777E2-9A3C-459A-BC5B-EC6C5C5D2739}"
EndProject
Global
	GlobalSection(SolutionConfigurationPlatforms) = preSolution
		Debug|x64 = Debug|x64
		Debug|x86 = Debug|x86
		Release|x64 = Release|x64
		Release|x86 = Release|x86
	EndGlobalSection
	GlobalSection(ProjectConfigurationPlatforms) = postSolution
		{4A0777E2-9A3C-459A-BC5B-EC6C5C5D2739}.Debug|x64.ActiveCfg = Debug|x64
		{4A0777E2-9A3C-459A-BC5B-EC6C5C5D2739}.Debug|x64.Build.0 = Debug|x64
		{4A0777E2-9A3C-459A-BC5B-EC6C5C5D2739}.Debug|x86.ActiveCfg = Debug|Win32
		{4A0777E2-9A3C-459A-BC5B-EC6C5C5D2739}.Debug|x86.Build.0 = Debug|Win32
		{4A0777E2-9A3C-459A-BC5B-EC6C5C5D2739}.Release|x64.ActiveCfg = Release|x64
		{4A0777E2-9A3C-459A-BC5B-EC6C5C5D2739}.Release|x64.Build.0 = Release|x64
		{4A0777E2-9A3C-459A-BC5B-EC6C5C5D2739}.Release|x86.ActiveCfg = Release|Win32
		{4A0777E2-9A3C-459A-BC5B-EC6C5C5D2739}.Release|x86.Build.0 = Release|Win32
	EndGlobalSection
	GlobalSection(SolutionProperties) = preSolution
		HideSolutionNode = FALSE
	EndGlobalSection
	GlobalSection(ExtensibilityGlobals) = postSolution
		SolutionGuid = {290E980A-9AB9-437E-9837-CF9FAFFDBE29}
	EndGlobalSection
EndGlobal
