
Microsoft Visual Studio Solution File, Format Version 12.00
# Visual Studio Version 17
VisualStudioVersion = 17.6.33815.320
MinimumVisualStudioVersion = 10.0.40219.1
Project("{8BC9CEB8-8B4A-11D0-8D11-00A0C91BC942}") = "EjercicioWhileFibonacii", "EjercicioWhileFibonacii\EjercicioWhileFibonacii.vcxproj", "{CCC64DBC-0EFC-4C02-9A4F-889A0353E835}"
EndProject
Global
	GlobalSection(SolutionConfigurationPlatforms) = preSolution
		Debug|x64 = Debug|x64
		Debug|x86 = Debug|x86
		Release|x64 = Release|x64
		Release|x86 = Release|x86
	EndGlobalSection
	GlobalSection(ProjectConfigurationPlatforms) = postSolution
		{CCC64DBC-0EFC-4C02-9A4F-889A0353E835}.Debug|x64.ActiveCfg = Debug|x64
		{CCC64DBC-0EFC-4C02-9A4F-889A0353E835}.Debug|x64.Build.0 = Debug|x64
		{CCC64DBC-0EFC-4C02-9A4F-889A0353E835}.Debug|x86.ActiveCfg = Debug|Win32
		{CCC64DBC-0EFC-4C02-9A4F-889A0353E835}.Debug|x86.Build.0 = Debug|Win32
		{CCC64DBC-0EFC-4C02-9A4F-889A0353E835}.Release|x64.ActiveCfg = Release|x64
		{CCC64DBC-0EFC-4C02-9A4F-889A0353E835}.Release|x64.Build.0 = Release|x64
		{CCC64DBC-0EFC-4C02-9A4F-889A0353E835}.Release|x86.ActiveCfg = Release|Win32
		{CCC64DBC-0EFC-4C02-9A4F-889A0353E835}.Release|x86.Build.0 = Release|Win32
	EndGlobalSection
	GlobalSection(SolutionProperties) = preSolution
		HideSolutionNode = FALSE
	EndGlobalSection
	GlobalSection(ExtensibilityGlobals) = postSolution
		SolutionGuid = {FE62B6B8-C147-490F-A997-62ADFD435581}
	EndGlobalSection
EndGlobal
